// !$*UTF8*$!
{
	archiveVersion = 1;
	classes = {
	};
	objectVersion = 46;
	objects = {

/* Begin PBXBuildFile section */
		870312411CD4EDBC00A48B90 /* LaunchScreen.storyboard in Resources */ = {isa = PBXBuildFile; fileRef = 8703123F1CD4EDBC00A48B90 /* LaunchScreen.storyboard */; };
		870312421CD4EDBC00A48B90 /* Main.storyboard in Resources */ = {isa = PBXBuildFile; fileRef = 870312401CD4EDBC00A48B90 /* Main.storyboard */; };
		871045011CD4ED800091710A /* AppDelegate.swift in Sources */ = {isa = PBXBuildFile; fileRef = 871044F21CD4ED800091710A /* AppDelegate.swift */; };
		871045021CD4ED800091710A /* Assets.xcassets in Resources */ = {isa = PBXBuildFile; fileRef = 871044F31CD4ED800091710A /* Assets.xcassets */; };
		871045071CD4ED800091710A /* ContactDetailViewController.swift in Sources */ = {isa = PBXBuildFile; fileRef = 871044FD1CD4ED800091710A /* ContactDetailViewController.swift */; };
		871045081CD4ED800091710A /* ContactListViewController.swift in Sources */ = {isa = PBXBuildFile; fileRef = 871044FE1CD4ED800091710A /* ContactListViewController.swift */; };
		8710450A1CD4ED800091710A /* Lifetime.swift in Sources */ = {isa = PBXBuildFile; fileRef = 871045001CD4ED800091710A /* Lifetime.swift */; };
		AE4FECD51CF5C45A008A3E34 /* LifetimeCell.swift in Sources */ = {isa = PBXBuildFile; fileRef = AE4FECD41CF5C45A008A3E34 /* LifetimeCell.swift */; };
/* End PBXBuildFile section */

/* Begin PBXFileReference section */
		8703123F1CD4EDBC00A48B90 /* LaunchScreen.storyboard */ = {isa = PBXFileReference; fileEncoding = 4; lastKnownFileType = file.storyboard; name = LaunchScreen.storyboard; path = Lifetime/LaunchScreen.storyboard; sourceTree = SOURCE_ROOT; };
		870312401CD4EDBC00A48B90 /* Main.storyboard */ = {isa = PBXFileReference; fileEncoding = 4; lastKnownFileType = file.storyboard; name = Main.storyboard; path = Lifetime/Main.storyboard; sourceTree = SOURCE_ROOT; };
		871044D91CD3C9860091710A /* Lifetime.app */ = {isa = PBXFileReference; explicitFileType = wrapper.application; includeInIndex = 0; path = Lifetime.app; sourceTree = BUILT_PRODUCTS_DIR; };
		871044F21CD4ED800091710A /* AppDelegate.swift */ = {isa = PBXFileReference; fileEncoding = 4; lastKnownFileType = sourcecode.swift; name = AppDelegate.swift; path = Lifetime/AppDelegate.swift; sourceTree = SOURCE_ROOT; };
		871044F31CD4ED800091710A /* Assets.xcassets */ = {isa = PBXFileReference; lastKnownFileType = folder.assetcatalog; name = Assets.xcassets; path = Lifetime/Assets.xcassets; sourceTree = SOURCE_ROOT; };
		871044FD1CD4ED800091710A /* ContactDetailViewController.swift */ = {isa = PBXFileReference; fileEncoding = 4; lastKnownFileType = sourcecode.swift; name = ContactDetailViewController.swift; path = Lifetime/ContactDetailViewController.swift; sourceTree = SOURCE_ROOT; };
		871044FE1CD4ED800091710A /* ContactListViewController.swift */ = {isa = PBXFileReference; fileEncoding = 4; lastKnownFileType = sourcecode.swift; name = ContactListViewController.swift; path = Lifetime/ContactListViewController.swift; sourceTree = SOURCE_ROOT; };
		871044FF1CD4ED800091710A /* Info.plist */ = {isa = PBXFileReference; fileEncoding = 4; lastKnownFileType = text.plist.xml; name = Info.plist; path = Lifetime/Info.plist; sourceTree = SOURCE_ROOT; };
		871045001CD4ED800091710A /* Lifetime.swift */ = {isa = PBXFileReference; fileEncoding = 4; lastKnownFileType = sourcecode.swift; name = Lifetime.swift; path = Lifetime/Lifetime.swift; sourceTree = SOURCE_ROOT; };
		AE4FECD41CF5C45A008A3E34 /* LifetimeCell.swift */ = {isa = PBXFileReference; fileEncoding = 4; lastKnownFileType = sourcecode.swift; path = LifetimeCell.swift; sourceTree = SOURCE_ROOT; };
/* End PBXFileReference section */

/* Begin PBXFrameworksBuildPhase section */
		871044D61CD3C9860091710A /* Frameworks */ = {
			isa = PBXFrameworksBuildPhase;
			buildActionMask = 2147483647;
			files = (
			);
			runOnlyForDeploymentPostprocessing = 0;
		};
/* End PBXFrameworksBuildPhase section */

/* Begin PBXGroup section */
		870312431CD4EDC900A48B90 /* Supporting Files */ = {
			isa = PBXGroup;
			children = (
				871044FF1CD4ED800091710A /* Info.plist */,
				8703123F1CD4EDBC00A48B90 /* LaunchScreen.storyboard */,
				871044F31CD4ED800091710A /* Assets.xcassets */,
			);
			name = "Supporting Files";
			sourceTree = "<group>";
		};
		870312441CD4EEAF00A48B90 /* View Controller */ = {
			isa = PBXGroup;
			children = (
				871044FE1CD4ED800091710A /* ContactListViewController.swift */,
				871044FD1CD4ED800091710A /* ContactDetailViewController.swift */,
			);
			name = "View Controller";
			sourceTree = "<group>";
		};
		870312451CD4EEB500A48B90 /* Model */ = {
			isa = PBXGroup;
			children = (
				871045001CD4ED800091710A /* Lifetime.swift */,
			);
			name = Model;
			sourceTree = "<group>";
		};
		870312481CD4EECD00A48B90 /* View */ = {
			isa = PBXGroup;
			children = (
				AE4FECD41CF5C45A008A3E34 /* LifetimeCell.swift */,
			);
			name = View;
			sourceTree = "<group>";
		};
		871044D01CD3C9860091710A = {
			isa = PBXGroup;
			children = (
				871044DB1CD3C9860091710A /* Lifetime */,
				871044DA1CD3C9860091710A /* Products */,
			);
			sourceTree = "<group>";
		};
		871044DA1CD3C9860091710A /* Products */ = {
			isa = PBXGroup;
			children = (
				871044D91CD3C9860091710A /* Lifetime.app */,
			);
			name = Products;
			sourceTree = "<group>";
		};
		871044DB1CD3C9860091710A /* Lifetime */ = {
			isa = PBXGroup;
			children = (
				871044F21CD4ED800091710A /* AppDelegate.swift */,
				870312401CD4EDBC00A48B90 /* Main.storyboard */,
				870312441CD4EEAF00A48B90 /* View Controller */,
				870312481CD4EECD00A48B90 /* View */,
				870312451CD4EEB500A48B90 /* Model */,
				870312431CD4EDC900A48B90 /* Supporting Files */,
			);
			name = Lifetime;
			path = Life;
			sourceTree = "<group>";
		};
/* End PBXGroup section */

/* Begin PBXNativeTarget section */
		871044D81CD3C9860091710A /* Lifetime */ = {
			isa = PBXNativeTarget;
			buildConfigurationList = 871044ED1CD3C9860091710A /* Build configuration list for PBXNativeTarget "Lifetime" */;
			buildPhases = (
				871044D51CD3C9860091710A /* Sources */,
				871044D61CD3C9860091710A /* Frameworks */,
				871044D71CD3C9860091710A /* Resources */,
			);
			buildRules = (
			);
			dependencies = (
			);
			name = Lifetime;
			productName = Life;
			productReference = 871044D91CD3C9860091710A /* Lifetime.app */;
			productType = "com.apple.product-type.application";
		};
/* End PBXNativeTarget section */

/* Begin PBXProject section */
		871044D11CD3C9860091710A /* Project object */ = {
			isa = PBXProject;
			attributes = {
				LastSwiftUpdateCheck = 0730;
				LastUpgradeCheck = 0730;
				ORGANIZATIONNAME = "iOS Dev Kurs Universität Heidelberg";
				TargetAttributes = {
					871044D81CD3C9860091710A = {
						CreatedOnToolsVersion = 7.3;
					};
				};
			};
			buildConfigurationList = 871044D41CD3C9860091710A /* Build configuration list for PBXProject "Lifetime" */;
			compatibilityVersion = "Xcode 3.2";
			developmentRegion = English;
			hasScannedForEncodings = 0;
			knownRegions = (
				en,
				Base,
			);
			mainGroup = 871044D01CD3C9860091710A;
			productRefGroup = 871044DA1CD3C9860091710A /* Products */;
			projectDirPath = "";
			projectRoot = "";
			targets = (
				871044D81CD3C9860091710A /* Lifetime */,
			);
		};
/* End PBXProject section */

/* Begin PBXResourcesBuildPhase section */
		871044D71CD3C9860091710A /* Resources */ = {
			isa = PBXResourcesBuildPhase;
			buildActionMask = 2147483647;
			files = (
				870312411CD4EDBC00A48B90 /* LaunchScreen.storyboard in Resources */,
				871045021CD4ED800091710A /* Assets.xcassets in Resources */,
				870312421CD4EDBC00A48B90 /* Main.storyboard in Resources */,
			);
			runOnlyForDeploymentPostprocessing = 0;
		};
/* End PBXResourcesBuildPhase section */

/* Begin PBXSourcesBuildPhase section */
		871044D51CD3C9860091710A /* Sources */ = {
			isa = PBXSourcesBuildPhase;
			buildActionMask = 2147483647;
			files = (
				8710450A1CD4ED800091710A /* Lifetime.swift in Sources */,
				871045071CD4ED800091710A /* ContactDetailViewController.swift in Sources */,
				871045011CD4ED800091710A /* AppDelegate.swift in Sources */,
				AE4FECD51CF5C45A008A3E34 /* LifetimeCell.swift in Sources */,
				871045081CD4ED800091710A /* ContactListViewController.swift in Sources */,
			);
			runOnlyForDeploymentPostprocessing = 0;
		};
/* End PBXSourcesBuildPhase section */

/* Begin XCBuildConfiguration section */
		871044EB1CD3C9860091710A /* Debug */ = {
			isa = XCBuildConfiguration;
			buildSettings = {
				ALWAYS_SEARCH_USER_PATHS = NO;
				CLANG_ANALYZER_NONNULL = YES;
				CLANG_CXX_LANGUAGE_STANDARD = "gnu++0x";
				CLANG_CXX_LIBRARY = "libc++";
				CLANG_ENABLE_MODULES = YES;
				CLANG_ENABLE_OBJC_ARC = YES;
				CLANG_WARN_BOOL_CONVERSION = YES;
				CLANG_WARN_CONSTANT_CONVERSION = YES;
				CLANG_WARN_DIRECT_OBJC_ISA_USAGE = YES_ERROR;
				CLANG_WARN_EMPTY_BODY = YES;
				CLANG_WARN_ENUM_CONVERSION = YES;
				CLANG_WARN_INT_CONVERSION = YES;
				CLANG_WARN_OBJC_ROOT_CLASS = YES_ERROR;
				CLANG_WARN_UNREACHABLE_CODE = YES;
				CLANG_WARN__DUPLICATE_METHOD_MATCH = YES;
				"CODE_SIGN_IDENTITY[sdk=iphoneos*]" = "iPhone Developer";
				COPY_PHASE_STRIP = NO;
				DEBUG_INFORMATION_FORMAT = dwarf;
				ENABLE_STRICT_OBJC_MSGSEND = YES;
				ENABLE_TESTABILITY = YES;
				GCC_C_LANGUAGE_STANDARD = gnu99;
				GCC_DYNAMIC_NO_PIC = NO;
				GCC_NO_COMMON_BLOCKS = YES;
				GCC_OPTIMIZATION_LEVEL = 0;
				GCC_PREPROCESSOR_DEFINITIONS = (
					"DEBUG=1",
					"$(inherited)",
				);
				GCC_WARN_64_TO_32_BIT_CONVERSION = YES;
				GCC_WARN_ABOUT_RETURN_TYPE = YES_ERROR;
				GCC_WARN_UNDECLARED_SELECTOR = YES;
				GCC_WARN_UNINITIALIZED_AUTOS = YES_AGGRESSIVE;
				GCC_WARN_UNUSED_FUNCTION = YES;
				GCC_WARN_UNUSED_VARIABLE = YES;
				IPHONEOS_DEPLOYMENT_TARGET = 9.3;
				MTL_ENABLE_DEBUG_INFO = YES;
				ONLY_ACTIVE_ARCH = YES;
				SDKROOT = iphoneos;
				SWIFT_OPTIMIZATION_LEVEL = "-Onone";
				TARGETED_DEVICE_FAMILY = "1,2";
			};
			name = Debug;
		};
		871044EC1CD3C9860091710A /* Release */ = {
			isa = XCBuildConfiguration;
			buildSettings = {
				ALWAYS_SEARCH_USER_PATHS = NO;
				CLANG_ANALYZER_NONNULL = YES;
				CLANG_CXX_LANGUAGE_STANDARD = "gnu++0x";
				CLANG_CXX_LIBRARY = "libc++";
				CLANG_ENABLE_MODULES = YES;
				CLANG_ENABLE_OBJC_ARC = YES;
				CLANG_WARN_BOOL_CONVERSION = YES;
				CLANG_WARN_CONSTANT_CONVERSION = YES;
				CLANG_WARN_DIRECT_OBJC_ISA_USAGE = YES_ERROR;
				CLANG_WARN_EMPTY_BODY = YES;
				CLANG_WARN_ENUM_CONVERSION = YES;
				CLANG_WARN_INT_CONVERSION = YES;
				CLANG_WARN_OBJC_ROOT_CLASS = YES_ERROR;
				CLANG_WARN_UNREACHABLE_CODE = YES;
				CLANG_WARN__DUPLICATE_METHOD_MATCH = YES;
				"CODE_SIGN_IDENTITY[sdk=iphoneos*]" = "iPhone Developer";
				COPY_PHASE_STRIP = NO;
				DEBUG_INFORMATION_FORMAT = "dwarf-with-dsym";
				ENABLE_NS_ASSERTIONS = NO;
				ENABLE_STRICT_OBJC_MSGSEND = YES;
				GCC_C_LANGUAGE_STANDARD = gnu99;
				GCC_NO_COMMON_BLOCKS = YES;
				GCC_WARN_64_TO_32_BIT_CONVERSION = YES;
				GCC_WARN_ABOUT_RETURN_TYPE = YES_ERROR;
				GCC_WARN_UNDECLARED_SELECTOR = YES;
				GCC_WARN_UNINITIALIZED_AUTOS = YES_AGGRESSIVE;
				GCC_WARN_UNUSED_FUNCTION = YES;
				GCC_WARN_UNUSED_VARIABLE = YES;
				IPHONEOS_DEPLOYMENT_TARGET = 9.3;
				MTL_ENABLE_DEBUG_INFO = NO;
				SDKROOT = iphoneos;
				TARGETED_DEVICE_FAMILY = "1,2";
				VALIDATE_PRODUCT = YES;
			};
			name = Release;
		};
		871044EE1CD3C9860091710A /* Debug */ = {
			isa = XCBuildConfiguration;
			buildSettings = {
				ASSETCATALOG_COMPILER_APPICON_NAME = AppIcon;
				CLANG_ENABLE_MODULES = YES;
				INFOPLIST_FILE = "$(SRCROOT)/Lifetime/Info.plist";
				LD_RUNPATH_SEARCH_PATHS = "$(inherited) @executable_path/Frameworks";
				PRODUCT_BUNDLE_IDENTIFIER = "de.uni-heidelberg.ios-dev-kurs.Life";
				PRODUCT_NAME = Lifetime;
				SWIFT_OPTIMIZATION_LEVEL = "-Onone";
			};
			name = Debug;
		};
		871044EF1CD3C9860091710A /* Release */ = {
			isa = XCBuildConfiguration;
			buildSettings = {
				ASSETCATALOG_COMPILER_APPICON_NAME = AppIcon;
				CLANG_ENABLE_MODULES = YES;
				INFOPLIST_FILE = "$(SRCROOT)/Lifetime/Info.plist";
				LD_RUNPATH_SEARCH_PATHS = "$(inherited) @executable_path/Frameworks";
				PRODUCT_BUNDLE_IDENTIFIER = "de.uni-heidelberg.ios-dev-kurs.Life";
				PRODUCT_NAME = Lifetime;
			};
			name = Release;
		};
/* End XCBuildConfiguration section */

/* Begin XCConfigurationList section */
		871044D41CD3C9860091710A /* Build configuration list for PBXProject "Lifetime" */ = {
			isa = XCConfigurationList;
			buildConfigurations = (
				871044EB1CD3C9860091710A /* Debug */,
				871044EC1CD3C9860091710A /* Release */,
			);
			defaultConfigurationIsVisible = 0;
			defaultConfigurationName = Release;
		};
		871044ED1CD3C9860091710A /* Build configuration list for PBXNativeTarget "Lifetime" */ = {
			isa = XCConfigurationList;
			buildConfigurations = (
				871044EE1CD3C9860091710A /* Debug */,
				871044EF1CD3C9860091710A /* Release */,
			);
			defaultConfigurationIsVisible = 0;
			defaultConfigurationName = Release;
		};
/* End XCConfigurationList section */
	};
	rootObject = 871044D11CD3C9860091710A /* Project object */;
}
